
Microsoft Visual Studio Solution File, Format Version 12.00
# Visual Studio Version 16
VisualStudioVersion = 25.0.1704.2
MinimumVisualStudioVersion = 10.0.40219.1
Project("{FAE04EC0-301F-11D3-BF4B-00C04F79EFBC}") = "DocumentationAttribute", "DocumentationAttribute\DocumentationAttribute.csproj", "{4993A22C-5B0B-41B1-B1D9-3DC4E2851810}"
EndProject
Project("{FAE04EC0-301F-11D3-BF4B-00C04F79EFBC}") = "Documentation", "Documentation\Documentation.csproj", "{C98B18CD-3362-4D89-B081-C4CD8F8D4917}"
EndProject
Project("{FAE04EC0-301F-11D3-BF4B-00C04F79EFBC}") = "Documentations", "Documentations\Documentations.csproj", "{837E7EA7-D1F2-40FA-A118-5CA83C77204F}"
EndProject
Global
	GlobalSection(SolutionConfigurationPlatforms) = preSolution
		Debug|Any CPU = Debug|Any CPU
		Release|Any CPU = Release|Any CPU
	EndGlobalSection
	GlobalSection(ProjectConfigurationPlatforms) = postSolution
		{4993A22C-5B0B-41B1-B1D9-3DC4E2851810}.Debug|Any CPU.ActiveCfg = Debug|Any CPU
		{4993A22C-5B0B-41B1-B1D9-3DC4E2851810}.Debug|Any CPU.Build.0 = Debug|Any CPU
		{4993A22C-5B0B-41B1-B1D9-3DC4E2851810}.Release|Any CPU.ActiveCfg = Release|Any CPU
		{4993A22C-5B0B-41B1-B1D9-3DC4E2851810}.Release|Any CPU.Build.0 = Release|Any CPU
		{C98B18CD-3362-4D89-B081-C4CD8F8D4917}.Debug|Any CPU.ActiveCfg = Debug|Any CPU
		{C98B18CD-3362-4D89-B081-C4CD8F8D4917}.Debug|Any CPU.Build.0 = Debug|Any CPU
		{C98B18CD-3362-4D89-B081-C4CD8F8D4917}.Release|Any CPU.ActiveCfg = Release|Any CPU
		{C98B18CD-3362-4D89-B081-C4CD8F8D4917}.Release|Any CPU.Build.0 = Release|Any CPU
		{837E7EA7-D1F2-40FA-A118-5CA83C77204F}.Debug|Any CPU.ActiveCfg = Debug|Any CPU
		{837E7EA7-D1F2-40FA-A118-5CA83C77204F}.Debug|Any CPU.Build.0 = Debug|Any CPU
		{837E7EA7-D1F2-40FA-A118-5CA83C77204F}.Release|Any CPU.ActiveCfg = Release|Any CPU
		{837E7EA7-D1F2-40FA-A118-5CA83C77204F}.Release|Any CPU.Build.0 = Release|Any CPU
	EndGlobalSection
	GlobalSection(SolutionProperties) = preSolution
		HideSolutionNode = FALSE
	EndGlobalSection
	GlobalSection(ExtensibilityGlobals) = postSolution
		SolutionGuid = {EA1ADB42-9D5D-41B8-8C6D-9902D06E53EF}
	EndGlobalSection
EndGlobal
